// !$*UTF8*$!
{
	archiveVersion = 1;
	classes = {
	};
	objectVersion = 46;
	objects = {

/* Begin PBXBuildFile section */
		8CF16C4C16BCF4E600A6E4F0 /* UIKit.framework in Frameworks */ = {isa = PBXBuildFile; fileRef = 8CF16C4B16BCF4E600A6E4F0 /* UIKit.framework */; };
		8CF16C4E16BCF4E600A6E4F0 /* Foundation.framework in Frameworks */ = {isa = PBXBuildFile; fileRef = 8CF16C4D16BCF4E600A6E4F0 /* Foundation.framework */; };
		8CF16C5016BCF4E600A6E4F0 /* CoreGraphics.framework in Frameworks */ = {isa = PBXBuildFile; fileRef = 8CF16C4F16BCF4E600A6E4F0 /* CoreGraphics.framework */; };
		8CF16C5616BCF4E700A6E4F0 /* InfoPlist.strings in Resources */ = {isa = PBXBuildFile; fileRef = 8CF16C5416BCF4E700A6E4F0 /* InfoPlist.strings */; };
		8CF16C5816BCF4E700A6E4F0 /* main.m in Sources */ = {isa = PBXBuildFile; fileRef = 8CF16C5716BCF4E700A6E4F0 /* main.m */; };
		8CF16C5C16BCF4E700A6E4F0 /* AppDelegate.m in Sources */ = {isa = PBXBuildFile; fileRef = 8CF16C5B16BCF4E700A6E4F0 /* AppDelegate.m */; };
		8CF16C5E16BCF4E700A6E4F0 /* Default.png in Resources */ = {isa = PBXBuildFile; fileRef = 8CF16C5D16BCF4E700A6E4F0 /* Default.png */; };
		8CF16C6016BCF4E700A6E4F0 /* Default@2x.png in Resources */ = {isa = PBXBuildFile; fileRef = 8CF16C5F16BCF4E700A6E4F0 /* Default@2x.png */; };
		8CF16C6216BCF4E700A6E4F0 /* Default-568h@2x.png in Resources */ = {isa = PBXBuildFile; fileRef = 8CF16C6116BCF4E700A6E4F0 /* Default-568h@2x.png */; };
		8CF16C6B16BCF50A00A6E4F0 /* RootViewController.m in Sources */ = {isa = PBXBuildFile; fileRef = 8CF16C6916BCF50A00A6E4F0 /* RootViewController.m */; };
		8CF16C7016BCF6C000A6E4F0 /* SecondViewController.m in Sources */ = {isa = PBXBuildFile; fileRef = 8CF16C6E16BCF6C000A6E4F0 /* SecondViewController.m */; };
		8CF16C9816BE08B600A6E4F0 /* NavigationViewController.m in Sources */ = {isa = PBXBuildFile; fileRef = 8CF16C9716BE08B600A6E4F0 /* NavigationViewController.m */; };
		F20909B0177BE44D00BD3A78 /* navigation_back_pressed.png in Resources */ = {isa = PBXBuildFile; fileRef = F20909AE177BE44D00BD3A78 /* navigation_back_pressed.png */; };
		F20909B1177BE44D00BD3A78 /* navigation_back_normal.png in Resources */ = {isa = PBXBuildFile; fileRef = F20909AF177BE44D00BD3A78 /* navigation_back_normal.png */; };
		F20909B4177BE5FE00BD3A78 /* navi_back_pressed.png in Resources */ = {isa = PBXBuildFile; fileRef = F20909B2177BE5FE00BD3A78 /* navi_back_pressed.png */; };
		F20909B5177BE5FE00BD3A78 /* navi_back_normal.png in Resources */ = {isa = PBXBuildFile; fileRef = F20909B3177BE5FE00BD3A78 /* navi_back_normal.png */; };
		F20909B9177BE6B100BD3A78 /* navi_background@2x.png in Resources */ = {isa = PBXBuildFile; fileRef = F20909B8177BE6B000BD3A78 /* navi_background@2x.png */; };
		F20909C0177BE86E00BD3A78 /* navigation_back1@2x.png in Resources */ = {isa = PBXBuildFile; fileRef = F20909BE177BE86D00BD3A78 /* navigation_back1@2x.png */; };
		F20909C1177BE86E00BD3A78 /* navigation_back2@2x.png in Resources */ = {isa = PBXBuildFile; fileRef = F20909BF177BE86E00BD3A78 /* navigation_back2@2x.png */; };
		F21373C3177997D1006F1EA2 /* shhp_navigation_setting_normal.png in Resources */ = {isa = PBXBuildFile; fileRef = F21373BE177997D0006F1EA2 /* shhp_navigation_setting_normal.png */; };
		F21373C4177997D1006F1EA2 /* shhp_navigation_setting_pressed.png in Resources */ = {isa = PBXBuildFile; fileRef = F21373BF177997D0006F1EA2 /* shhp_navigation_setting_pressed.png */; };
		F21373C5177997D1006F1EA2 /* shhp_navigation_back_normal.png in Resources */ = {isa = PBXBuildFile; fileRef = F21373C0177997D0006F1EA2 /* shhp_navigation_back_normal.png */; };
		F21373C6177997D1006F1EA2 /* shhp_navigation_back_pressed.png in Resources */ = {isa = PBXBuildFile; fileRef = F21373C1177997D1006F1EA2 /* shhp_navigation_back_pressed.png */; };
		F25517B6177843C400DD1CE7 /* top_navigation_background.png in Resources */ = {isa = PBXBuildFile; fileRef = F25517AE177843C400DD1CE7 /* top_navigation_background.png */; };
		F25517B7177843C400DD1CE7 /* top_navigation_background@2x.png in Resources */ = {isa = PBXBuildFile; fileRef = F25517AF177843C400DD1CE7 /* top_navigation_background@2x.png */; };
		F25517B8177843C400DD1CE7 /* top_navigation_back@2x.png in Resources */ = {isa = PBXBuildFile; fileRef = F25517B0177843C400DD1CE7 /* top_navigation_back@2x.png */; };
		F25517B9177843C400DD1CE7 /* top_navigation_back_highlighted@2x.png in Resources */ = {isa = PBXBuildFile; fileRef = F25517B1177843C400DD1CE7 /* top_navigation_back_highlighted@2x.png */; };
		F25517BA177843C400DD1CE7 /* top_navigation_addicon@2x.png in Resources */ = {isa = PBXBuildFile; fileRef = F25517B2177843C400DD1CE7 /* top_navigation_addicon@2x.png */; };
		F25517BB177843C400DD1CE7 /* top_navigation_addicon_highlighted@2x.png in Resources */ = {isa = PBXBuildFile; fileRef = F25517B3177843C400DD1CE7 /* top_navigation_addicon_highlighted@2x.png */; };
		F25517C01778481A00DD1CE7 /* top_navigation_menuicon@2x.png in Resources */ = {isa = PBXBuildFile; fileRef = F25517BE1778481A00DD1CE7 /* top_navigation_menuicon@2x.png */; };
		F25517C11778481A00DD1CE7 /* top_navigation_menuicon_highlighted@2x.png in Resources */ = {isa = PBXBuildFile; fileRef = F25517BF1778481A00DD1CE7 /* top_navigation_menuicon_highlighted@2x.png */; };
		F25517C41778493000DD1CE7 /* infobutton.png in Resources */ = {isa = PBXBuildFile; fileRef = F25517C21778493000DD1CE7 /* infobutton.png */; };
		F25517C51778493000DD1CE7 /* infobutton@2x.png in Resources */ = {isa = PBXBuildFile; fileRef = F25517C31778493000DD1CE7 /* infobutton@2x.png */; };
		F292A0A71779A8B800A8C41B /* channel_button_ok_active@2x.png in Resources */ = {isa = PBXBuildFile; fileRef = F292A0A51779A8B700A8C41B /* channel_button_ok_active@2x.png */; };
		F292A0A81779A8B800A8C41B /* channel_button_ok_inactive@2x.png in Resources */ = {isa = PBXBuildFile; fileRef = F292A0A61779A8B800A8C41B /* channel_button_ok_inactive@2x.png */; };
		F292A0AD1779A8F000A8C41B /* channel_undo_placeholder@2x.png in Resources */ = {isa = PBXBuildFile; fileRef = F292A0A91779A8EF00A8C41B /* channel_undo_placeholder@2x.png */; };
		F292A0AE1779A8F000A8C41B /* channelnav_background@2x.png in Resources */ = {isa = PBXBuildFile; fileRef = F292A0AA1779A8EF00A8C41B /* channelnav_background@2x.png */; };
		F292A0AF1779A8F000A8C41B /* channelnav_plusbutton_highlighted@2x.png in Resources */ = {isa = PBXBuildFile; fileRef = F292A0AB1779A8EF00A8C41B /* channelnav_plusbutton_highlighted@2x.png */; };
		F292A0B01779A8F000A8C41B /* channelnav_plusbutton@2x.png in Resources */ = {isa = PBXBuildFile; fileRef = F292A0AC1779A8EF00A8C41B /* channelnav_plusbutton@2x.png */; };
		F292A0BA1779A95400A8C41B /* icon_back_selected.png in Resources */ = {isa = PBXBuildFile; fileRef = F292A0B11779A95300A8C41B /* icon_back_selected.png */; };
		F292A0BB1779A95400A8C41B /* icon_back_selected@2x.png in Resources */ = {isa = PBXBuildFile; fileRef = F292A0B21779A95300A8C41B /* icon_back_selected@2x.png */; };
		F292A0BC1779A95400A8C41B /* icon_back.png in Resources */ = {isa = PBXBuildFile; fileRef = F292A0B31779A95300A8C41B /* icon_back.png */; };
		F292A0BD1779A95400A8C41B /* icon_back@2x.png in Resources */ = {isa = PBXBuildFile; fileRef = F292A0B41779A95300A8C41B /* icon_back@2x.png */; };
		F292A0BE1779A95400A8C41B /* icon_share@2x.png in Resources */ = {isa = PBXBuildFile; fileRef = F292A0B51779A95300A8C41B /* icon_share@2x.png */; };
		F292A0BF1779A95400A8C41B /* icon_star_full@2x.png in Resources */ = {isa = PBXBuildFile; fileRef = F292A0B61779A95300A8C41B /* icon_star_full@2x.png */; };
		F292A0C01779A95400A8C41B /* icon_star_fullselected@2x.png in Resources */ = {isa = PBXBuildFile; fileRef = F292A0B71779A95400A8C41B /* icon_star_fullselected@2x.png */; };
		F292A0C11779A95400A8C41B /* icon_star_selected@2x.png in Resources */ = {isa = PBXBuildFile; fileRef = F292A0B81779A95400A8C41B /* icon_star_selected@2x.png */; };
		F292A0C21779A95400A8C41B /* icon_star@2x.png in Resources */ = {isa = PBXBuildFile; fileRef = F292A0B91779A95400A8C41B /* icon_star@2x.png */; };
		F2BB24AC177BFA070028BEBA /* navigation_back1.png in Resources */ = {isa = PBXBuildFile; fileRef = F2BB24AA177BFA070028BEBA /* navigation_back1.png */; };
		F2BB24AD177BFA070028BEBA /* navigation_back2.png in Resources */ = {isa = PBXBuildFile; fileRef = F2BB24AB177BFA070028BEBA /* navigation_back2.png */; };
		F2BB24B2177BFA4F0028BEBA /* navigation_set1.png in Resources */ = {isa = PBXBuildFile; fileRef = F2BB24AE177BFA4F0028BEBA /* navigation_set1.png */; };
		F2BB24B3177BFA4F0028BEBA /* navigation_set1@2x.png in Resources */ = {isa = PBXBuildFile; fileRef = F2BB24AF177BFA4F0028BEBA /* navigation_set1@2x.png */; };
		F2BB24B4177BFA4F0028BEBA /* navigation_set2.png in Resources */ = {isa = PBXBuildFile; fileRef = F2BB24B0177BFA4F0028BEBA /* navigation_set2.png */; };
		F2BB24B5177BFA4F0028BEBA /* navigation_set2@2x.png in Resources */ = {isa = PBXBuildFile; fileRef = F2BB24B1177BFA4F0028BEBA /* navigation_set2@2x.png */; };
		F2BB24B7177BFAA40028BEBA /* navigation_background@2x.png in Resources */ = {isa = PBXBuildFile; fileRef = F2BB24B6177BFAA40028BEBA /* navigation_background@2x.png */; };
/* End PBXBuildFile section */

/* Begin PBXFileReference section */
		8CF16C4716BCF4E600A6E4F0 /* 1.SimpleNavigationDemo.app */ = {isa = PBXFileReference; explicitFileType = wrapper.application; includeInIndex = 0; path = 1.SimpleNavigationDemo.app; sourceTree = BUILT_PRODUCTS_DIR; };
		8CF16C4B16BCF4E600A6E4F0 /* UIKit.framework */ = {isa = PBXFileReference; lastKnownFileType = wrapper.framework; name = UIKit.framework; path = System/Library/Frameworks/UIKit.framework; sourceTree = SDKROOT; };
		8CF16C4D16BCF4E600A6E4F0 /* Foundation.framework */ = {isa = PBXFileReference; lastKnownFileType = wrapper.framework; name = Foundation.framework; path = System/Library/Frameworks/Foundation.framework; sourceTree = SDKROOT; };
		8CF16C4F16BCF4E600A6E4F0 /* CoreGraphics.framework */ = {isa = PBXFileReference; lastKnownFileType = wrapper.framework; name = CoreGraphics.framework; path = System/Library/Frameworks/CoreGraphics.framework; sourceTree = SDKROOT; };
		8CF16C5316BCF4E700A6E4F0 /* 1.SimpleNavigationDemo-Info.plist */ = {isa = PBXFileReference; lastKnownFileType = text.plist.xml; path = "1.SimpleNavigationDemo-Info.plist"; sourceTree = "<group>"; };
		8CF16C5516BCF4E700A6E4F0 /* en */ = {isa = PBXFileReference; lastKnownFileType = text.plist.strings; name = en; path = en.lproj/InfoPlist.strings; sourceTree = "<group>"; };
		8CF16C5716BCF4E700A6E4F0 /* main.m */ = {isa = PBXFileReference; lastKnownFileType = sourcecode.c.objc; path = main.m; sourceTree = "<group>"; };
		8CF16C5916BCF4E700A6E4F0 /* 1.SimpleNavigationDemo-Prefix.pch */ = {isa = PBXFileReference; lastKnownFileType = sourcecode.c.h; path = "1.SimpleNavigationDemo-Prefix.pch"; sourceTree = "<group>"; };
		8CF16C5A16BCF4E700A6E4F0 /* AppDelegate.h */ = {isa = PBXFileReference; lastKnownFileType = sourcecode.c.h; path = AppDelegate.h; sourceTree = "<group>"; };
		8CF16C5B16BCF4E700A6E4F0 /* AppDelegate.m */ = {isa = PBXFileReference; lastKnownFileType = sourcecode.c.objc; path = AppDelegate.m; sourceTree = "<group>"; };
		8CF16C5D16BCF4E700A6E4F0 /* Default.png */ = {isa = PBXFileReference; lastKnownFileType = image.png; path = Default.png; sourceTree = "<group>"; };
		8CF16C5F16BCF4E700A6E4F0 /* Default@2x.png */ = {isa = PBXFileReference; lastKnownFileType = image.png; path = "Default@2x.png"; sourceTree = "<group>"; };
		8CF16C6116BCF4E700A6E4F0 /* Default-568h@2x.png */ = {isa = PBXFileReference; lastKnownFileType = image.png; path = "Default-568h@2x.png"; sourceTree = "<group>"; };
		8CF16C6816BCF50A00A6E4F0 /* RootViewController.h */ = {isa = PBXFileReference; fileEncoding = 4; lastKnownFileType = sourcecode.c.h; path = RootViewController.h; sourceTree = "<group>"; };
		8CF16C6916BCF50A00A6E4F0 /* RootViewController.m */ = {isa = PBXFileReference; fileEncoding = 4; lastKnownFileType = sourcecode.c.objc; path = RootViewController.m; sourceTree = "<group>"; };
		8CF16C6D16BCF6C000A6E4F0 /* SecondViewController.h */ = {isa = PBXFileReference; fileEncoding = 4; lastKnownFileType = sourcecode.c.h; path = SecondViewController.h; sourceTree = "<group>"; };
		8CF16C6E16BCF6C000A6E4F0 /* SecondViewController.m */ = {isa = PBXFileReference; fileEncoding = 4; lastKnownFileType = sourcecode.c.objc; path = SecondViewController.m; sourceTree = "<group>"; };
		8CF16C9616BE08B600A6E4F0 /* NavigationViewController.h */ = {isa = PBXFileReference; fileEncoding = 4; lastKnownFileType = sourcecode.c.h; path = NavigationViewController.h; sourceTree = "<group>"; };
		8CF16C9716BE08B600A6E4F0 /* NavigationViewController.m */ = {isa = PBXFileReference; fileEncoding = 4; lastKnownFileType = sourcecode.c.objc; path = NavigationViewController.m; sourceTree = "<group>"; };
		F20909AE177BE44D00BD3A78 /* navigation_back_pressed.png */ = {isa = PBXFileReference; lastKnownFileType = image.png; path = navigation_back_pressed.png; sourceTree = "<group>"; };
		F20909AF177BE44D00BD3A78 /* navigation_back_normal.png */ = {isa = PBXFileReference; lastKnownFileType = image.png; path = navigation_back_normal.png; sourceTree = "<group>"; };
		F20909B2177BE5FE00BD3A78 /* navi_back_pressed.png */ = {isa = PBXFileReference; lastKnownFileType = image.png; path = navi_back_pressed.png; sourceTree = "<group>"; };
		F20909B3177BE5FE00BD3A78 /* navi_back_normal.png */ = {isa = PBXFileReference; lastKnownFileType = image.png; path = navi_back_normal.png; sourceTree = "<group>"; };
		F20909B8177BE6B000BD3A78 /* navi_background@2x.png */ = {isa = PBXFileReference; lastKnownFileType = image.png; path = "navi_background@2x.png"; sourceTree = "<group>"; };
		F20909BE177BE86D00BD3A78 /* navigation_back1@2x.png */ = {isa = PBXFileReference; lastKnownFileType = image.png; path = "navigation_back1@2x.png"; sourceTree = "<group>"; };
		F20909BF177BE86E00BD3A78 /* navigation_back2@2x.png */ = {isa = PBXFileReference; lastKnownFileType = image.png; path = "navigation_back2@2x.png"; sourceTree = "<group>"; };
		F21373BE177997D0006F1EA2 /* shhp_navigation_setting_normal.png */ = {isa = PBXFileReference; lastKnownFileType = image.png; path = shhp_navigation_setting_normal.png; sourceTree = "<group>"; };
		F21373BF177997D0006F1EA2 /* shhp_navigation_setting_pressed.png */ = {isa = PBXFileReference; lastKnownFileType = image.png; path = shhp_navigation_setting_pressed.png; sourceTree = "<group>"; };
		F21373C0177997D0006F1EA2 /* shhp_navigation_back_normal.png */ = {isa = PBXFileReference; lastKnownFileType = image.png; path = shhp_navigation_back_normal.png; sourceTree = "<group>"; };
		F21373C1177997D1006F1EA2 /* shhp_navigation_back_pressed.png */ = {isa = PBXFileReference; lastKnownFileType = image.png; path = shhp_navigation_back_pressed.png; sourceTree = "<group>"; };
		F25517AE177843C400DD1CE7 /* top_navigation_background.png */ = {isa = PBXFileReference; lastKnownFileType = image.png; path = top_navigation_background.png; sourceTree = "<group>"; };
		F25517AF177843C400DD1CE7 /* top_navigation_background@2x.png */ = {isa = PBXFileReference; lastKnownFileType = image.png; path = "top_navigation_background@2x.png"; sourceTree = "<group>"; };
		F25517B0177843C400DD1CE7 /* top_navigation_back@2x.png */ = {isa = PBXFileReference; lastKnownFileType = image.png; path = "top_navigation_back@2x.png"; sourceTree = "<group>"; };
		F25517B1177843C400DD1CE7 /* top_navigation_back_highlighted@2x.png */ = {isa = PBXFileReference; lastKnownFileType = image.png; path = "top_navigation_back_highlighted@2x.png"; sourceTree = "<group>"; };
		F25517B2177843C400DD1CE7 /* top_navigation_addicon@2x.png */ = {isa = PBXFileReference; lastKnownFileType = image.png; path = "top_navigation_addicon@2x.png"; sourceTree = "<group>"; };
		F25517B3177843C400DD1CE7 /* top_navigation_addicon_highlighted@2x.png */ = {isa = PBXFileReference; lastKnownFileType = image.png; path = "top_navigation_addicon_highlighted@2x.png"; sourceTree = "<group>"; };
		F25517BE1778481A00DD1CE7 /* top_navigation_menuicon@2x.png */ = {isa = PBXFileReference; lastKnownFileType = image.png; path = "top_navigation_menuicon@2x.png"; sourceTree = "<group>"; };
		F25517BF1778481A00DD1CE7 /* top_navigation_menuicon_highlighted@2x.png */ = {isa = PBXFileReference; lastKnownFileType = image.png; path = "top_navigation_menuicon_highlighted@2x.png"; sourceTree = "<group>"; };
		F25517C21778493000DD1CE7 /* infobutton.png */ = {isa = PBXFileReference; lastKnownFileType = image.png; path = infobutton.png; sourceTree = "<group>"; };
		F25517C31778493000DD1CE7 /* infobutton@2x.png */ = {isa = PBXFileReference; lastKnownFileType = image.png; path = "infobutton@2x.png"; sourceTree = "<group>"; };
		F292A0A51779A8B700A8C41B /* channel_button_ok_active@2x.png */ = {isa = PBXFileReference; lastKnownFileType = image.png; path = "channel_button_ok_active@2x.png"; sourceTree = "<group>"; };
		F292A0A61779A8B800A8C41B /* channel_button_ok_inactive@2x.png */ = {isa = PBXFileReference; lastKnownFileType = image.png; path = "channel_button_ok_inactive@2x.png"; sourceTree = "<group>"; };
		F292A0A91779A8EF00A8C41B /* channel_undo_placeholder@2x.png */ = {isa = PBXFileReference; lastKnownFileType = image.png; path = "channel_undo_placeholder@2x.png"; sourceTree = "<group>"; };
		F292A0AA1779A8EF00A8C41B /* channelnav_background@2x.png */ = {isa = PBXFileReference; lastKnownFileType = image.png; path = "channelnav_background@2x.png"; sourceTree = "<group>"; };
		F292A0AB1779A8EF00A8C41B /* channelnav_plusbutton_highlighted@2x.png */ = {isa = PBXFileReference; lastKnownFileType = image.png; path = "channelnav_plusbutton_highlighted@2x.png"; sourceTree = "<group>"; };
		F292A0AC1779A8EF00A8C41B /* channelnav_plusbutton@2x.png */ = {isa = PBXFileReference; lastKnownFileType = image.png; path = "channelnav_plusbutton@2x.png"; sourceTree = "<group>"; };
		F292A0B11779A95300A8C41B /* icon_back_selected.png */ = {isa = PBXFileReference; lastKnownFileType = image.png; path = icon_back_selected.png; sourceTree = "<group>"; };
		F292A0B21779A95300A8C41B /* icon_back_selected@2x.png */ = {isa = PBXFileReference; lastKnownFileType = image.png; path = "icon_back_selected@2x.png"; sourceTree = "<group>"; };
		F292A0B31779A95300A8C41B /* icon_back.png */ = {isa = PBXFileReference; lastKnownFileType = image.png; path = icon_back.png; sourceTree = "<group>"; };
		F292A0B41779A95300A8C41B /* icon_back@2x.png */ = {isa = PBXFileReference; lastKnownFileType = image.png; path = "icon_back@2x.png"; sourceTree = "<group>"; };
		F292A0B51779A95300A8C41B /* icon_share@2x.png */ = {isa = PBXFileReference; lastKnownFileType = image.png; path = "icon_share@2x.png"; sourceTree = "<group>"; };
		F292A0B61779A95300A8C41B /* icon_star_full@2x.png */ = {isa = PBXFileReference; lastKnownFileType = image.png; path = "icon_star_full@2x.png"; sourceTree = "<group>"; };
		F292A0B71779A95400A8C41B /* icon_star_fullselected@2x.png */ = {isa = PBXFileReference; lastKnownFileType = image.png; path = "icon_star_fullselected@2x.png"; sourceTree = "<group>"; };
		F292A0B81779A95400A8C41B /* icon_star_selected@2x.png */ = {isa = PBXFileReference; lastKnownFileType = image.png; path = "icon_star_selected@2x.png"; sourceTree = "<group>"; };
		F292A0B91779A95400A8C41B /* icon_star@2x.png */ = {isa = PBXFileReference; lastKnownFileType = image.png; path = "icon_star@2x.png"; sourceTree = "<group>"; };
		F2BB24AA177BFA070028BEBA /* navigation_back1.png */ = {isa = PBXFileReference; lastKnownFileType = image.png; path = navigation_back1.png; sourceTree = "<group>"; };
		F2BB24AB177BFA070028BEBA /* navigation_back2.png */ = {isa = PBXFileReference; lastKnownFileType = image.png; path = navigation_back2.png; sourceTree = "<group>"; };
		F2BB24AE177BFA4F0028BEBA /* navigation_set1.png */ = {isa = PBXFileReference; lastKnownFileType = image.png; path = navigation_set1.png; sourceTree = "<group>"; };
		F2BB24AF177BFA4F0028BEBA /* navigation_set1@2x.png */ = {isa = PBXFileReference; lastKnownFileType = image.png; path = "navigation_set1@2x.png"; sourceTree = "<group>"; };
		F2BB24B0177BFA4F0028BEBA /* navigation_set2.png */ = {isa = PBXFileReference; lastKnownFileType = image.png; path = navigation_set2.png; sourceTree = "<group>"; };
		F2BB24B1177BFA4F0028BEBA /* navigation_set2@2x.png */ = {isa = PBXFileReference; lastKnownFileType = image.png; path = "navigation_set2@2x.png"; sourceTree = "<group>"; };
		F2BB24B6177BFAA40028BEBA /* navigation_background@2x.png */ = {isa = PBXFileReference; lastKnownFileType = image.png; path = "navigation_background@2x.png"; sourceTree = "<group>"; };
/* End PBXFileReference section */

/* Begin PBXFrameworksBuildPhase section */
		8CF16C4416BCF4E600A6E4F0 /* Frameworks */ = {
			isa = PBXFrameworksBuildPhase;
			buildActionMask = 2147483647;
			files = (
				8CF16C4C16BCF4E600A6E4F0 /* UIKit.framework in Frameworks */,
				8CF16C4E16BCF4E600A6E4F0 /* Foundation.framework in Frameworks */,
				8CF16C5016BCF4E600A6E4F0 /* CoreGraphics.framework in Frameworks */,
			);
			runOnlyForDeploymentPostprocessing = 0;
		};
/* End PBXFrameworksBuildPhase section */

/* Begin PBXGroup section */
		8CF16C3C16BCF4E600A6E4F0 = {
			isa = PBXGroup;
			children = (
				8CF16C5116BCF4E600A6E4F0 /* 1.SimpleNavigationDemo */,
				8CF16C4A16BCF4E600A6E4F0 /* Frameworks */,
				8CF16C4816BCF4E600A6E4F0 /* Products */,
			);
			sourceTree = "<group>";
		};
		8CF16C4816BCF4E600A6E4F0 /* Products */ = {
			isa = PBXGroup;
			children = (
				8CF16C4716BCF4E600A6E4F0 /* 1.SimpleNavigationDemo.app */,
			);
			name = Products;
			sourceTree = "<group>";
		};
		8CF16C4A16BCF4E600A6E4F0 /* Frameworks */ = {
			isa = PBXGroup;
			children = (
				8CF16C4B16BCF4E600A6E4F0 /* UIKit.framework */,
				8CF16C4D16BCF4E600A6E4F0 /* Foundation.framework */,
				8CF16C4F16BCF4E600A6E4F0 /* CoreGraphics.framework */,
			);
			name = Frameworks;
			sourceTree = "<group>";
		};
		8CF16C5116BCF4E600A6E4F0 /* 1.SimpleNavigationDemo */ = {
			isa = PBXGroup;
			children = (
				8CF16C5A16BCF4E700A6E4F0 /* AppDelegate.h */,
				8CF16C5B16BCF4E700A6E4F0 /* AppDelegate.m */,
				8CF16C9616BE08B600A6E4F0 /* NavigationViewController.h */,
				8CF16C9716BE08B600A6E4F0 /* NavigationViewController.m */,
				8CF16C6816BCF50A00A6E4F0 /* RootViewController.h */,
				8CF16C6916BCF50A00A6E4F0 /* RootViewController.m */,
				8CF16C6D16BCF6C000A6E4F0 /* SecondViewController.h */,
				8CF16C6E16BCF6C000A6E4F0 /* SecondViewController.m */,
				8CF16C5216BCF4E600A6E4F0 /* Supporting Files */,
			);
			path = 1.SimpleNavigationDemo;
			sourceTree = "<group>";
		};
		8CF16C5216BCF4E600A6E4F0 /* Supporting Files */ = {
			isa = PBXGroup;
			children = (
				F2BB24B6177BFAA40028BEBA /* navigation_background@2x.png */,
				F2BB24AE177BFA4F0028BEBA /* navigation_set1.png */,
				F2BB24AF177BFA4F0028BEBA /* navigation_set1@2x.png */,
				F2BB24B0177BFA4F0028BEBA /* navigation_set2.png */,
				F2BB24B1177BFA4F0028BEBA /* navigation_set2@2x.png */,
				F2BB24AA177BFA070028BEBA /* navigation_back1.png */,
				F2BB24AB177BFA070028BEBA /* navigation_back2.png */,
				F20909BE177BE86D00BD3A78 /* navigation_back1@2x.png */,
				F20909BF177BE86E00BD3A78 /* navigation_back2@2x.png */,
				F20909B8177BE6B000BD3A78 /* navi_background@2x.png */,
				F20909B2177BE5FE00BD3A78 /* navi_back_pressed.png */,
				F20909B3177BE5FE00BD3A78 /* navi_back_normal.png */,
				F20909AE177BE44D00BD3A78 /* navigation_back_pressed.png */,
				F20909AF177BE44D00BD3A78 /* navigation_back_normal.png */,
				F292A0B11779A95300A8C41B /* icon_back_selected.png */,
				F292A0B21779A95300A8C41B /* icon_back_selected@2x.png */,
				F292A0B31779A95300A8C41B /* icon_back.png */,
				F292A0B41779A95300A8C41B /* icon_back@2x.png */,
				F292A0B51779A95300A8C41B /* icon_share@2x.png */,
				F292A0B61779A95300A8C41B /* icon_star_full@2x.png */,
				F292A0B71779A95400A8C41B /* icon_star_fullselected@2x.png */,
				F292A0B81779A95400A8C41B /* icon_star_selected@2x.png */,
				F292A0B91779A95400A8C41B /* icon_star@2x.png */,
				F292A0A91779A8EF00A8C41B /* channel_undo_placeholder@2x.png */,
				F292A0AA1779A8EF00A8C41B /* channelnav_background@2x.png */,
				F292A0AB1779A8EF00A8C41B /* channelnav_plusbutton_highlighted@2x.png */,
				F292A0AC1779A8EF00A8C41B /* channelnav_plusbutton@2x.png */,
				F292A0A51779A8B700A8C41B /* channel_button_ok_active@2x.png */,
				F292A0A61779A8B800A8C41B /* channel_button_ok_inactive@2x.png */,
				F21373BE177997D0006F1EA2 /* shhp_navigation_setting_normal.png */,
				F21373BF177997D0006F1EA2 /* shhp_navigation_setting_pressed.png */,
				F21373C0177997D0006F1EA2 /* shhp_navigation_back_normal.png */,
				F21373C1177997D1006F1EA2 /* shhp_navigation_back_pressed.png */,
				F25517C21778493000DD1CE7 /* infobutton.png */,
				F25517C31778493000DD1CE7 /* infobutton@2x.png */,
				F25517BE1778481A00DD1CE7 /* top_navigation_menuicon@2x.png */,
				F25517BF1778481A00DD1CE7 /* top_navigation_menuicon_highlighted@2x.png */,
				F25517AE177843C400DD1CE7 /* top_navigation_background.png */,
				F25517AF177843C400DD1CE7 /* top_navigation_background@2x.png */,
				F25517B0177843C400DD1CE7 /* top_navigation_back@2x.png */,
				F25517B1177843C400DD1CE7 /* top_navigation_back_highlighted@2x.png */,
				F25517B2177843C400DD1CE7 /* top_navigation_addicon@2x.png */,
				F25517B3177843C400DD1CE7 /* top_navigation_addicon_highlighted@2x.png */,
				8CF16C5316BCF4E700A6E4F0 /* 1.SimpleNavigationDemo-Info.plist */,
				8CF16C5416BCF4E700A6E4F0 /* InfoPlist.strings */,
				8CF16C5716BCF4E700A6E4F0 /* main.m */,
				8CF16C5916BCF4E700A6E4F0 /* 1.SimpleNavigationDemo-Prefix.pch */,
				8CF16C5D16BCF4E700A6E4F0 /* Default.png */,
				8CF16C5F16BCF4E700A6E4F0 /* Default@2x.png */,
				8CF16C6116BCF4E700A6E4F0 /* Default-568h@2x.png */,
			);
			name = "Supporting Files";
			sourceTree = "<group>";
		};
/* End PBXGroup section */

/* Begin PBXNativeTarget section */
		8CF16C4616BCF4E600A6E4F0 /* 1.SimpleNavigationDemo */ = {
			isa = PBXNativeTarget;
			buildConfigurationList = 8CF16C6516BCF4E700A6E4F0 /* Build configuration list for PBXNativeTarget "1.SimpleNavigationDemo" */;
			buildPhases = (
				8CF16C4316BCF4E600A6E4F0 /* Sources */,
				8CF16C4416BCF4E600A6E4F0 /* Frameworks */,
				8CF16C4516BCF4E600A6E4F0 /* Resources */,
			);
			buildRules = (
			);
			dependencies = (
			);
			name = 1.SimpleNavigationDemo;
			productName = 1.SimpleNavigationDemo;
			productReference = 8CF16C4716BCF4E600A6E4F0 /* 1.SimpleNavigationDemo.app */;
			productType = "com.apple.product-type.application";
		};
/* End PBXNativeTarget section */

/* Begin PBXProject section */
		8CF16C3E16BCF4E600A6E4F0 /* Project object */ = {
			isa = PBXProject;
			attributes = {
				LastUpgradeCheck = 0450;
				ORGANIZATIONNAME = "www.iphonetrain.com 无限互联3G开发培训中心";
			};
			buildConfigurationList = 8CF16C4116BCF4E600A6E4F0 /* Build configuration list for PBXProject "1.SimpleNavigationDemo" */;
			compatibilityVersion = "Xcode 3.2";
			developmentRegion = English;
			hasScannedForEncodings = 0;
			knownRegions = (
				en,
			);
			mainGroup = 8CF16C3C16BCF4E600A6E4F0;
			productRefGroup = 8CF16C4816BCF4E600A6E4F0 /* Products */;
			projectDirPath = "";
			projectRoot = "";
			targets = (
				8CF16C4616BCF4E600A6E4F0 /* 1.SimpleNavigationDemo */,
			);
		};
/* End PBXProject section */

/* Begin PBXResourcesBuildPhase section */
		8CF16C4516BCF4E600A6E4F0 /* Resources */ = {
			isa = PBXResourcesBuildPhase;
			buildActionMask = 2147483647;
			files = (
				8CF16C5616BCF4E700A6E4F0 /* InfoPlist.strings in Resources */,
				8CF16C5E16BCF4E700A6E4F0 /* Default.png in Resources */,
				8CF16C6016BCF4E700A6E4F0 /* Default@2x.png in Resources */,
				8CF16C6216BCF4E700A6E4F0 /* Default-568h@2x.png in Resources */,
				F25517B6177843C400DD1CE7 /* top_navigation_background.png in Resources */,
				F25517B7177843C400DD1CE7 /* top_navigation_background@2x.png in Resources */,
				F25517B8177843C400DD1CE7 /* top_navigation_back@2x.png in Resources */,
				F25517B9177843C400DD1CE7 /* top_navigation_back_highlighted@2x.png in Resources */,
				F25517BA177843C400DD1CE7 /* top_navigation_addicon@2x.png in Resources */,
				F25517BB177843C400DD1CE7 /* top_navigation_addicon_highlighted@2x.png in Resources */,
				F25517C01778481A00DD1CE7 /* top_navigation_menuicon@2x.png in Resources */,
				F25517C11778481A00DD1CE7 /* top_navigation_menuicon_highlighted@2x.png in Resources */,
				F25517C41778493000DD1CE7 /* infobutton.png in Resources */,
				F25517C51778493000DD1CE7 /* infobutton@2x.png in Resources */,
				F21373C3177997D1006F1EA2 /* shhp_navigation_setting_normal.png in Resources */,
				F21373C4177997D1006F1EA2 /* shhp_navigation_setting_pressed.png in Resources */,
				F21373C5177997D1006F1EA2 /* shhp_navigation_back_normal.png in Resources */,
				F21373C6177997D1006F1EA2 /* shhp_navigation_back_pressed.png in Resources */,
				F292A0A71779A8B800A8C41B /* channel_button_ok_active@2x.png in Resources */,
				F292A0A81779A8B800A8C41B /* channel_button_ok_inactive@2x.png in Resources */,
				F292A0AD1779A8F000A8C41B /* channel_undo_placeholder@2x.png in Resources */,
				F292A0AE1779A8F000A8C41B /* channelnav_background@2x.png in Resources */,
				F292A0AF1779A8F000A8C41B /* channelnav_plusbutton_highlighted@2x.png in Resources */,
				F292A0B01779A8F000A8C41B /* channelnav_plusbutton@2x.png in Resources */,
				F292A0BA1779A95400A8C41B /* icon_back_selected.png in Resources */,
				F292A0BB1779A95400A8C41B /* icon_back_selected@2x.png in Resources */,
				F292A0BC1779A95400A8C41B /* icon_back.png in Resources */,
				F292A0BD1779A95400A8C41B /* icon_back@2x.png in Resources */,
				F292A0BE1779A95400A8C41B /* icon_share@2x.png in Resources */,
				F292A0BF1779A95400A8C41B /* icon_star_full@2x.png in Resources */,
				F292A0C01779A95400A8C41B /* icon_star_fullselected@2x.png in Resources */,
				F292A0C11779A95400A8C41B /* icon_star_selected@2x.png in Resources */,
				F292A0C21779A95400A8C41B /* icon_star@2x.png in Resources */,
				F20909B0177BE44D00BD3A78 /* navigation_back_pressed.png in Resources */,
				F20909B1177BE44D00BD3A78 /* navigation_back_normal.png in Resources */,
				F20909B4177BE5FE00BD3A78 /* navi_back_pressed.png in Resources */,
				F20909B5177BE5FE00BD3A78 /* navi_back_normal.png in Resources */,
				F20909B9177BE6B100BD3A78 /* navi_background@2x.png in Resources */,
				F20909C0177BE86E00BD3A78 /* navigation_back1@2x.png in Resources */,
				F20909C1177BE86E00BD3A78 /* navigation_back2@2x.png in Resources */,
				F2BB24AC177BFA070028BEBA /* navigation_back1.png in Resources */,
				F2BB24AD177BFA070028BEBA /* navigation_back2.png in Resources */,
				F2BB24B2177BFA4F0028BEBA /* navigation_set1.png in Resources */,
				F2BB24B3177BFA4F0028BEBA /* navigation_set1@2x.png in Resources */,
				F2BB24B4177BFA4F0028BEBA /* navigation_set2.png in Resources */,
				F2BB24B5177BFA4F0028BEBA /* navigation_set2@2x.png in Resources */,
				F2BB24B7177BFAA40028BEBA /* navigation_background@2x.png in Resources */,
			);
			runOnlyForDeploymentPostprocessing = 0;
		};
/* End PBXResourcesBuildPhase section */

/* Begin PBXSourcesBuildPhase section */
		8CF16C4316BCF4E600A6E4F0 /* Sources */ = {
			isa = PBXSourcesBuildPhase;
			buildActionMask = 2147483647;
			files = (
				8CF16C5816BCF4E700A6E4F0 /* main.m in Sources */,
				8CF16C5C16BCF4E700A6E4F0 /* AppDelegate.m in Sources */,
				8CF16C6B16BCF50A00A6E4F0 /* RootViewController.m in Sources */,
				8CF16C7016BCF6C000A6E4F0 /* SecondViewController.m in Sources */,
				8CF16C9816BE08B600A6E4F0 /* NavigationViewController.m in Sources */,
			);
			runOnlyForDeploymentPostprocessing = 0;
		};
/* End PBXSourcesBuildPhase section */

/* Begin PBXVariantGroup section */
		8CF16C5416BCF4E700A6E4F0 /* InfoPlist.strings */ = {
			isa = PBXVariantGroup;
			children = (
				8CF16C5516BCF4E700A6E4F0 /* en */,
			);
			name = InfoPlist.strings;
			sourceTree = "<group>";
		};
/* End PBXVariantGroup section */

/* Begin XCBuildConfiguration section */
		8CF16C6316BCF4E700A6E4F0 /* Debug */ = {
			isa = XCBuildConfiguration;
			buildSettings = {
				ALWAYS_SEARCH_USER_PATHS = NO;
				CLANG_CXX_LANGUAGE_STANDARD = "gnu++0x";
				CLANG_CXX_LIBRARY = "libc++";
				CLANG_WARN_EMPTY_BODY = YES;
				CLANG_WARN__DUPLICATE_METHOD_MATCH = YES;
				"CODE_SIGN_IDENTITY[sdk=iphoneos*]" = "iPhone Developer";
				COPY_PHASE_STRIP = NO;
				GCC_C_LANGUAGE_STANDARD = gnu99;
				GCC_DYNAMIC_NO_PIC = NO;
				GCC_OPTIMIZATION_LEVEL = 0;
				GCC_PREPROCESSOR_DEFINITIONS = (
					"DEBUG=1",
					"$(inherited)",
				);
				GCC_SYMBOLS_PRIVATE_EXTERN = NO;
				GCC_WARN_ABOUT_RETURN_TYPE = YES;
				GCC_WARN_UNINITIALIZED_AUTOS = YES;
				GCC_WARN_UNUSED_VARIABLE = YES;
				IPHONEOS_DEPLOYMENT_TARGET = 6.0;
				SDKROOT = iphoneos;
			};
			name = Debug;
		};
		8CF16C6416BCF4E700A6E4F0 /* Release */ = {
			isa = XCBuildConfiguration;
			buildSettings = {
				ALWAYS_SEARCH_USER_PATHS = NO;
				CLANG_CXX_LANGUAGE_STANDARD = "gnu++0x";
				CLANG_CXX_LIBRARY = "libc++";
				CLANG_WARN_EMPTY_BODY = YES;
				CLANG_WARN__DUPLICATE_METHOD_MATCH = YES;
				"CODE_SIGN_IDENTITY[sdk=iphoneos*]" = "iPhone Developer";
				COPY_PHASE_STRIP = YES;
				GCC_C_LANGUAGE_STANDARD = gnu99;
				GCC_WARN_ABOUT_RETURN_TYPE = YES;
				GCC_WARN_UNINITIALIZED_AUTOS = YES;
				GCC_WARN_UNUSED_VARIABLE = YES;
				IPHONEOS_DEPLOYMENT_TARGET = 6.0;
				OTHER_CFLAGS = "-DNS_BLOCK_ASSERTIONS=1";
				SDKROOT = iphoneos;
				VALIDATE_PRODUCT = YES;
			};
			name = Release;
		};
		8CF16C6616BCF4E700A6E4F0 /* Debug */ = {
			isa = XCBuildConfiguration;
			buildSettings = {
				GCC_PRECOMPILE_PREFIX_HEADER = YES;
				GCC_PREFIX_HEADER = "1.SimpleNavigationDemo/1.SimpleNavigationDemo-Prefix.pch";
				INFOPLIST_FILE = "1.SimpleNavigationDemo/1.SimpleNavigationDemo-Info.plist";
				IPHONEOS_DEPLOYMENT_TARGET = 4.3;
				PRODUCT_NAME = "$(TARGET_NAME)";
				WRAPPER_EXTENSION = app;
			};
			name = Debug;
		};
		8CF16C6716BCF4E700A6E4F0 /* Release */ = {
			isa = XCBuildConfiguration;
			buildSettings = {
				GCC_PRECOMPILE_PREFIX_HEADER = YES;
				GCC_PREFIX_HEADER = "1.SimpleNavigationDemo/1.SimpleNavigationDemo-Prefix.pch";
				INFOPLIST_FILE = "1.SimpleNavigationDemo/1.SimpleNavigationDemo-Info.plist";
				IPHONEOS_DEPLOYMENT_TARGET = 4.3;
				PRODUCT_NAME = "$(TARGET_NAME)";
				WRAPPER_EXTENSION = app;
			};
			name = Release;
		};
/* End XCBuildConfiguration section */

/* Begin XCConfigurationList section */
		8CF16C4116BCF4E600A6E4F0 /* Build configuration list for PBXProject "1.SimpleNavigationDemo" */ = {
			isa = XCConfigurationList;
			buildConfigurations = (
				8CF16C6316BCF4E700A6E4F0 /* Debug */,
				8CF16C6416BCF4E700A6E4F0 /* Release */,
			);
			defaultConfigurationIsVisible = 0;
			defaultConfigurationName = Release;
		};
		8CF16C6516BCF4E700A6E4F0 /* Build configuration list for PBXNativeTarget "1.SimpleNavigationDemo" */ = {
			isa = XCConfigurationList;
			buildConfigurations = (
				8CF16C6616BCF4E700A6E4F0 /* Debug */,
				8CF16C6716BCF4E700A6E4F0 /* Release */,
			);
			defaultConfigurationIsVisible = 0;
			defaultConfigurationName = Release;
		};
/* End XCConfigurationList section */
	};
	rootObject = 8CF16C3E16BCF4E600A6E4F0 /* Project object */;
}
